{
  "name": "workspace",
  "lockfileVersion": 3,
  "requires": true,
  "packages": {
    "": {
      "dependencies": {
        "@amplitude/experiment-js-client": "^1.11.0"
      }
    },
    "node_modules/@amplitude/analytics-connector": {
      "version": "1.5.0",
      "resolved": "https://registry.npmjs.org/@amplitude/analytics-connector/-/analytics-connector-1.5.0.tgz",
      "integrity": "sha512-T8mOYzB9RRxckzhL0NTHwdge9xuFxXEOplC8B1Y3UX3NHa3BLh7DlBUZlCOwQgMc2nxDfnSweDL5S3bhC+W90g=="
    },
    "node_modules/@amplitude/experiment-core": {
      "version": "0.8.0",
      "resolved": "https://registry.npmjs.org/@amplitude/experiment-core/-/experiment-core-0.8.0.tgz",
      "integrity": "sha512-0wIksT6mpq3T6IL7a2mFPKZEodwBJ7vcrOOKirwQtfTPU9pmyMwymdvzVtQT5cQKq1r1EpbgOF/pL5KKjtUtPA==",
      "dependencies": {
        "js-base64": "^3.7.5"
      }
    },
    "node_modules/@amplitude/experiment-js-client": {
      "version": "1.11.0",
      "resolved": "https://registry.npmjs.org/@amplitude/experiment-js-client/-/experiment-js-client-1.11.0.tgz",
      "integrity": "sha512-Xk/DCO8+m+U736OKeRTU24i61pjd6uVtURF0cHB+73xPrzL/LByViuT3Ojy8ctA3uJxOprc0dgr1xHKdL9BI5w==",
      "dependencies": {
        "@amplitude/analytics-connector": "^1.5.0",
        "@amplitude/experiment-core": "^0.8.0",
        "@amplitude/ua-parser-js": "^0.7.31",
        "base64-js": "1.5.1",
        "unfetch": "4.1.0"
      }
    },
    "node_modules/@amplitude/ua-parser-js": {
      "version": "0.7.33",
      "resolved": "https://registry.npmjs.org/@amplitude/ua-parser-js/-/ua-parser-js-0.7.33.tgz",
      "integrity": "sha512-wKEtVR4vXuPT9cVEIJkYWnlF++Gx3BdLatPBM+SZ1ztVIvnhdGBZR/mn9x/PzyrMcRlZmyi6L56I2J3doVBnjA==",
      "funding": [
        {
          "type": "opencollective",
          "url": "https://opencollective.com/ua-parser-js"
        },
        {
          "type": "paypal",
          "url": "https://paypal.me/faisalman"
        }
      ],
      "engines": {
        "node": "*"
      }
    },
    "node_modules/base64-js": {
      "version": "1.5.1",
      "resolved": "https://registry.npmjs.org/base64-js/-/base64-js-1.5.1.tgz",
      "integrity": "sha512-AKpaYlHn8t4SVbOHCy+b5+KKgvR4vrsD8vbvrbiQJps7fKDTkjkDry6ji0rUJjC0kzbNePLwzxq8iypo41qeWA==",
      "funding": [
        {
          "type": "github",
          "url": "https://github.com/sponsors/feross"
        },
        {
          "type": "patreon",
          "url": "https://www.patreon.com/feross"
        },
        {
          "type": "consulting",
          "url": "https://feross.org/support"
        }
      ]
    },
    "node_modules/js-base64": {
      "version": "3.7.7",
      "resolved": "https://registry.npmjs.org/js-base64/-/js-base64-3.7.7.tgz",
      "integrity": "sha512-7rCnleh0z2CkXhH67J8K1Ytz0b2Y+yxTPL+/KOJoa20hfnVQ/3/T6W/KflYI4bRHRagNeXeU2bkNGI3v1oS/lw=="
    },
    "node_modules/unfetch": {
      "version": "4.1.0",
      "resolved": "https://registry.npmjs.org/unfetch/-/unfetch-4.1.0.tgz",
      "integrity": "sha512-crP/n3eAPUJxZXM9T80/yv0YhkTEx2K1D3h7D1AJM6fzsWZrxdyRuLN0JH/dkZh1LNH8LxCnBzoPFCPbb2iGpg=="
    }
  }
}
